<?xml version="1.0" encoding="utf-8"?>
<Project ToolsVersion="4.0" xmlns="http://schemas.microsoft.com/developer/msbuild/2003">
  <ItemGroup>
    <Filter Include="Source Files">
      <UniqueIdentifier>{4FC737F1-C7A5-4376-A066-2A32D752A2FF}</UniqueIdentifier>
      <Extensions>cpp;c;cc;cxx;def;odl;idl;hpj;bat;asm;asmx</Extensions>
    </Filter>
    <Filter Include="Header Files">
      <UniqueIdentifier>{93995380-89BD-4b04-88EB-625FBE52EBFB}</UniqueIdentifier>
      <Extensions>h;hh;hpp;hxx;hm;inl;inc;xsd</Extensions>
    </Filter>
    <Filter Include="Resource Files">
      <UniqueIdentifier>{67DA6AB6-F800-4c08-8B7A-83BB121AAD01}</UniqueIdentifier>
      <Extensions>rc;ico;cur;bmp;dlg;rc2;rct;bin;rgs;gif;jpg;jpeg;jpe;resx;tiff;tif;png;wav;mfcribbon-ms</Extensions>
    </Filter>
    <Filter Include="Source Files\Platform">
      <UniqueIdentifier>{77b0d047-86b3-4b5e-a056-e33bc3d7c0fa}</UniqueIdentifier>
    </Filter>
    <Filter Include="Source Files\Platform\Windows">
      <UniqueIdentifier>{79579e3d-f012-476b-8ec1-b3f9c5361913}</UniqueIdentifier>
    </Filter>
    <Filter Include="Source Files\Utilities">
      <UniqueIdentifier>{400807ab-e579-46f0-bca9-cc7c0ab1c24a}</UniqueIdentifier>
    </Filter>
    <Filter Include="Source Files\Game">
      <UniqueIdentifier>{7ea2b145-a234-42ff-8f85-87de4d73cab0}</UniqueIdentifier>
    </Filter>
    <Filter Include="Source Files\Containers">
      <UniqueIdentifier>{fe8c738c-5cad-4d98-b446-62c1dc9dbfe8}</UniqueIdentifier>
    </Filter>
    <Filter Include="Source Files\Allocator">
      <UniqueIdentifier>{e6d978be-c2ab-4d9c-aeb0-cd7eb347aace}</UniqueIdentifier>
    </Filter>
    <Filter Include="Source Files\Math">
      <UniqueIdentifier>{6bdcecd1-1752-413d-8378-40a9fe5e579f}</UniqueIdentifier>
    </Filter>
    <Filter Include="Source Files\External">
      <UniqueIdentifier>{af6f15cf-6162-4974-a1e2-b76f82b345a3}</UniqueIdentifier>
    </Filter>
    <Filter Include="Source Files\FileIO">
      <UniqueIdentifier>{39d8a582-c0fc-4621-9125-552e1897a816}</UniqueIdentifier>
    </Filter>
    <Filter Include="Source Files\Rendering">
      <UniqueIdentifier>{8b9c103a-eb7e-411f-bb27-b535ffef7111}</UniqueIdentifier>
    </Filter>
    <Filter Include="Source Files\Physics">
      <UniqueIdentifier>{9e7a2f50-3267-4f00-864d-f0fc651f5a68}</UniqueIdentifier>
    </Filter>
    <Filter Include="Source Files\Physics\3D">
      <UniqueIdentifier>{72cc4ca8-35b8-45de-acb5-04c25db5b03c}</UniqueIdentifier>
    </Filter>
    <Filter Include="Source Files\Physics\3D\Collisions">
      <UniqueIdentifier>{a5ab526a-f7f4-441b-b52c-da45a8ebd1a2}</UniqueIdentifier>
    </Filter>
    <Filter Include="Source Files\FileIO\ImageLoader">
      <UniqueIdentifier>{1f6f21bd-e74d-4286-8291-e902a1c6ea6c}</UniqueIdentifier>
    </Filter>
    <Filter Include="Source Files\Time">
      <UniqueIdentifier>{e9cd3a04-53ef-4d7d-bd7f-a09238959676}</UniqueIdentifier>
    </Filter>
    <Filter Include="Source Files\Input">
      <UniqueIdentifier>{38080d45-2c3c-442c-8e6f-5a5dca3748bc}</UniqueIdentifier>
    </Filter>
    <Filter Include="Source Files\Physics\2D">
      <UniqueIdentifier>{b3df22fe-fa61-44aa-84df-f97d36eb094b}</UniqueIdentifier>
    </Filter>
  </ItemGroup>
  <ItemGroup>
    <ClCompile Include="Platform\Windows\bs_WindowsError.cpp">
      <Filter>Source Files\Platform\Windows</Filter>
    </ClCompile>
    <ClCompile Include="Platform\Windows\bs_WindowsMain.cpp">
      <Filter>Source Files\Platform\Windows</Filter>
    </ClCompile>
    <ClCompile Include="Utilities\bs_Error.cpp">
      <Filter>Source Files\Utilities</Filter>
    </ClCompile>
    <ClCompile Include="Game\bs_Game.cpp">
      <Filter>Source Files\Game</Filter>
    </ClCompile>
    <ClCompile Include="Platform\Windows\bs_WindowsOpenGL.cpp">
      <Filter>Source Files\Platform\Windows</Filter>
    </ClCompile>
    <ClCompile Include="Platform\Windows\bs_WindowsFileSystem.cpp">
      <Filter>Source Files\Platform\Windows</Filter>
    </ClCompile>
    <ClCompile Include="Containers\bs_HashMap.cpp">
      <Filter>Source Files\Containers</Filter>
    </ClCompile>
    <ClCompile Include="Allocator\bs_Memory.cpp">
      <Filter>Source Files\Allocator</Filter>
    </ClCompile>
    <ClCompile Include="Allocator\bs_Pool.cpp">
      <Filter>Source Files\Allocator</Filter>
    </ClCompile>
    <ClCompile Include="Allocator\bs_StackAllocator.cpp">
      <Filter>Source Files\Allocator</Filter>
    </ClCompile>
    <ClCompile Include="Utilities\bs_String.cpp">
      <Filter>Source Files\Utilities</Filter>
    </ClCompile>
    <ClCompile Include="External\HashFunctions\MurmurHash\bs_MurmurHash.cpp">
      <Filter>Source Files\External</Filter>
    </ClCompile>
    <ClCompile Include="FileIO\bs_FileSystem.cpp">
      <Filter>Source Files\FileIO</Filter>
    </ClCompile>
    <ClCompile Include="FileIO\bs_Path.cpp">
      <Filter>Source Files\FileIO</Filter>
    </ClCompile>
    <ClCompile Include="External\ImageLoading\LodePng\lodepng.cpp">
      <Filter>Source Files\External</Filter>
    </ClCompile>
    <ClCompile Include="FileIO\bs_ResourceManager.cpp">
      <Filter>Source Files\FileIO</Filter>
    </ClCompile>
    <ClCompile Include="FileIO\bs_Resource.cpp">
      <Filter>Source Files\FileIO</Filter>
    </ClCompile>
    <ClCompile Include="Rendering\bs_ShaderManager.cpp">
      <Filter>Source Files\Rendering</Filter>
    </ClCompile>
    <ClCompile Include="Rendering\bs_OpenGL.cpp">
      <Filter>Source Files\Rendering</Filter>
    </ClCompile>
    <ClCompile Include="Rendering\bs_Shader.cpp">
      <Filter>Source Files\Rendering</Filter>
    </ClCompile>
    <ClCompile Include="Rendering\bs_Color.cpp">
      <Filter>Source Files\Rendering</Filter>
    </ClCompile>
    <ClCompile Include="Math\bs_Matrix3x3.cpp">
      <Filter>Source Files\Math</Filter>
    </ClCompile>
    <ClCompile Include="Math\bs_Matrix4x4.cpp">
      <Filter>Source Files\Math</Filter>
    </ClCompile>
    <ClCompile Include="Math\bs_Quaternion.cpp">
      <Filter>Source Files\Math</Filter>
    </ClCompile>
    <ClCompile Include="Math\bs_Rect.cpp">
      <Filter>Source Files\Math</Filter>
    </ClCompile>
    <ClCompile Include="Math\bs_Vector2.cpp">
      <Filter>Source Files\Math</Filter>
    </ClCompile>
    <ClCompile Include="Math\bs_Vector3.cpp">
      <Filter>Source Files\Math</Filter>
    </ClCompile>
    <ClCompile Include="Math\bs_Vector4.cpp">
      <Filter>Source Files\Math</Filter>
    </ClCompile>
    <ClCompile Include="Rendering\bs_Camera.cpp">
      <Filter>Source Files\Rendering</Filter>
    </ClCompile>
    <ClCompile Include="Rendering\bs_Camera2D.cpp">
      <Filter>Source Files\Rendering</Filter>
    </ClCompile>
    <ClCompile Include="Rendering\bs_Camera3D.cpp">
      <Filter>Source Files\Rendering</Filter>
    </ClCompile>
    <ClCompile Include="Rendering\bs_QuadRenderer.cpp">
      <Filter>Source Files\Rendering</Filter>
    </ClCompile>
    <ClCompile Include="Rendering\bs_Screen.cpp">
      <Filter>Source Files\Rendering</Filter>
    </ClCompile>
    <ClCompile Include="Physics\3D\Collisions\bs_Ray3D.cpp">
      <Filter>Source Files\Physics\3D\Collisions</Filter>
    </ClCompile>
    <ClCompile Include="Rendering\bs_RenderManager.cpp">
      <Filter>Source Files\Rendering</Filter>
    </ClCompile>
    <ClCompile Include="Rendering\bs_Texture2D.cpp">
      <Filter>Source Files\Rendering</Filter>
    </ClCompile>
    <ClCompile Include="Game\bs_Level.cpp">
      <Filter>Source Files\Game</Filter>
    </ClCompile>
    <ClCompile Include="FileIO\ImageLoader\bs_ImageLoader.cpp">
      <Filter>Source Files\FileIO\ImageLoader</Filter>
    </ClCompile>
    <ClCompile Include="Rendering\bs_RenderBufferObjects.cpp">
      <Filter>Source Files\Rendering</Filter>
    </ClCompile>
    <ClCompile Include="Time\bs_Clock.cpp">
      <Filter>Source Files\Time</Filter>
    </ClCompile>
    <ClCompile Include="Rendering\bs_Sprite.cpp">
      <Filter>Source Files\Rendering</Filter>
    </ClCompile>
    <ClCompile Include="Rendering\bs_DebugRenderer.cpp">
      <Filter>Source Files\Rendering</Filter>
    </ClCompile>
    <ClCompile Include="Rendering\bs_SpriteManager.cpp">
      <Filter>Source Files\Rendering</Filter>
    </ClCompile>
    <ClCompile Include="Platform\Windows\bs_WindowsInput.cpp">
      <Filter>Source Files\Platform\Windows</Filter>
    </ClCompile>
    <ClCompile Include="Input\bs_Keyboard.cpp">
      <Filter>Source Files\Input</Filter>
    </ClCompile>
    <ClCompile Include="Input\bs_InputManager.cpp">
      <Filter>Source Files\Input</Filter>
    </ClCompile>
    <ClCompile Include="Input\bs_Mouse.cpp">
      <Filter>Source Files\Input</Filter>
    </ClCompile>
    <ClCompile Include="Physics\2D\Collisions\bs_Shape2D.cpp">
      <Filter>Source Files\Physics\2D</Filter>
    </ClCompile>
    <ClCompile Include="Physics\2D\bs_Transform2D.cpp">
      <Filter>Source Files\Physics\2D</Filter>
    </ClCompile>
    <ClCompile Include="Physics\2D\bs_Physics2D.cpp">
      <Filter>Source Files\Physics\2D</Filter>
    </ClCompile>
  </ItemGroup>
  <ItemGroup>
    <ClInclude Include="Platform\Windows\bs_WindowsError.h">
      <Filter>Source Files\Platform\Windows</Filter>
    </ClInclude>
    <ClInclude Include="Utilities\bs_Error.h">
      <Filter>Source Files\Utilities</Filter>
    </ClInclude>
    <ClInclude Include="Platform\bs_Platform.h">
      <Filter>Source Files\Platform</Filter>
    </ClInclude>
    <ClInclude Include="Utilities\bs_types.h">
      <Filter>Source Files\Utilities</Filter>
    </ClInclude>
    <ClInclude Include="Utilities\bs_define.h">
      <Filter>Source Files\Utilities</Filter>
    </ClInclude>
    <ClInclude Include="Game\bs_Game.h">
      <Filter>Source Files\Game</Filter>
    </ClInclude>
    <ClInclude Include="Platform\Windows\bs_WindowsOpenGL.h">
      <Filter>Source Files\Platform\Windows</Filter>
    </ClInclude>
    <ClInclude Include="Platform\Windows\bs_WindowsFileSystem.h">
      <Filter>Source Files\Platform\Windows</Filter>
    </ClInclude>
    <ClInclude Include="Containers\bs_Array.h">
      <Filter>Source Files\Containers</Filter>
    </ClInclude>
    <ClInclude Include="Containers\bs_HashMap.h">
      <Filter>Source Files\Containers</Filter>
    </ClInclude>
    <ClInclude Include="Containers\bs_LinkedArray.h">
      <Filter>Source Files\Containers</Filter>
    </ClInclude>
    <ClInclude Include="Allocator\bs_Memory.h">
      <Filter>Source Files\Allocator</Filter>
    </ClInclude>
    <ClInclude Include="Allocator\bs_Pool.h">
      <Filter>Source Files\Allocator</Filter>
    </ClInclude>
    <ClInclude Include="Allocator\bs_PoolAllocator.h">
      <Filter>Source Files\Allocator</Filter>
    </ClInclude>
    <ClInclude Include="Allocator\bs_StackAllocator.h">
      <Filter>Source Files\Allocator</Filter>
    </ClInclude>
    <ClInclude Include="Utilities\bs_arrayOperations.h">
      <Filter>Source Files\Utilities</Filter>
    </ClInclude>
    <ClInclude Include="Utilities\bs_String.h">
      <Filter>Source Files\Utilities</Filter>
    </ClInclude>
    <ClInclude Include="Math\bs_math.h">
      <Filter>Source Files\Math</Filter>
    </ClInclude>
    <ClInclude Include="External\HashFunctions\MurmurHash\bs_MurmurHash.h">
      <Filter>Source Files\External</Filter>
    </ClInclude>
    <ClInclude Include="FileIO\bs_FileSystem.h">
      <Filter>Source Files\FileIO</Filter>
    </ClInclude>
    <ClInclude Include="FileIO\bs_Folder.h">
      <Filter>Source Files\FileIO</Filter>
    </ClInclude>
    <ClInclude Include="FileIO\bs_Path.h">
      <Filter>Source Files\FileIO</Filter>
    </ClInclude>
    <ClInclude Include="External\ImageLoading\LodePng\lodepng.h">
      <Filter>Source Files\External</Filter>
    </ClInclude>
    <ClInclude Include="FileIO\bs_ResourceManager.h">
      <Filter>Source Files\FileIO</Filter>
    </ClInclude>
    <ClInclude Include="FileIO\bs_Resource.h">
      <Filter>Source Files\FileIO</Filter>
    </ClInclude>
    <ClInclude Include="Rendering\bs_ShaderManager.h">
      <Filter>Source Files\Rendering</Filter>
    </ClInclude>
    <ClInclude Include="Rendering\bs_Shader.h">
      <Filter>Source Files\Rendering</Filter>
    </ClInclude>
    <ClInclude Include="Rendering\bs_OpenGL.h">
      <Filter>Source Files\Rendering</Filter>
    </ClInclude>
    <ClInclude Include="Rendering\bs_Color.h">
      <Filter>Source Files\Rendering</Filter>
    </ClInclude>
    <ClInclude Include="Platform\bs_OpenGLPlatform.h">
      <Filter>Source Files\Platform</Filter>
    </ClInclude>
    <ClInclude Include="Math\bs_Matrix3x3.h">
      <Filter>Source Files\Math</Filter>
    </ClInclude>
    <ClInclude Include="Math\bs_Matrix4x4.h">
      <Filter>Source Files\Math</Filter>
    </ClInclude>
    <ClInclude Include="Math\bs_Quaternion.h">
      <Filter>Source Files\Math</Filter>
    </ClInclude>
    <ClInclude Include="Math\bs_Rect.h">
      <Filter>Source Files\Math</Filter>
    </ClInclude>
    <ClInclude Include="Math\bs_Vector.h">
      <Filter>Source Files\Math</Filter>
    </ClInclude>
    <ClInclude Include="Math\bs_Vector2.h">
      <Filter>Source Files\Math</Filter>
    </ClInclude>
    <ClInclude Include="Math\bs_Vector3.h">
      <Filter>Source Files\Math</Filter>
    </ClInclude>
    <ClInclude Include="Math\bs_Vector4.h">
      <Filter>Source Files\Math</Filter>
    </ClInclude>
    <ClInclude Include="Rendering\bs_Vertex.h">
      <Filter>Source Files\Rendering</Filter>
    </ClInclude>
    <ClInclude Include="Rendering\bs_Camera.h">
      <Filter>Source Files\Rendering</Filter>
    </ClInclude>
    <ClInclude Include="Rendering\bs_Camera2D.h">
      <Filter>Source Files\Rendering</Filter>
    </ClInclude>
    <ClInclude Include="Rendering\bs_Camera3D.h">
      <Filter>Source Files\Rendering</Filter>
    </ClInclude>
    <ClInclude Include="Rendering\bs_Primitive.h">
      <Filter>Source Files\Rendering</Filter>
    </ClInclude>
    <ClInclude Include="Rendering\bs_QuadRenderer.h">
      <Filter>Source Files\Rendering</Filter>
    </ClInclude>
    <ClInclude Include="Rendering\bs_RenderManager.h">
      <Filter>Source Files\Rendering</Filter>
    </ClInclude>
    <ClInclude Include="Rendering\bs_Screen.h">
      <Filter>Source Files\Rendering</Filter>
    </ClInclude>
    <ClInclude Include="Physics\3D\Collisions\bs_Ray3D.h">
      <Filter>Source Files\Physics\3D\Collisions</Filter>
    </ClInclude>
    <ClInclude Include="Physics\3D\Collisions\bs_PhysicsPrimitives.h">
      <Filter>Source Files\Physics\3D\Collisions</Filter>
    </ClInclude>
    <ClInclude Include="Rendering\bs_Texture2D.h">
      <Filter>Source Files\Rendering</Filter>
    </ClInclude>
    <ClInclude Include="Rendering\bs_OpenGLEnums.h">
      <Filter>Source Files\Rendering</Filter>
    </ClInclude>
    <ClInclude Include="Game\bs_Level.h">
      <Filter>Source Files\Game</Filter>
    </ClInclude>
    <ClInclude Include="FileIO\ImageLoader\bs_ImageLoader.h">
      <Filter>Source Files\FileIO\ImageLoader</Filter>
    </ClInclude>
    <ClInclude Include="Rendering\bs_RenderBufferObjects.h">
      <Filter>Source Files\Rendering</Filter>
    </ClInclude>
    <ClInclude Include="Time\bs_Clock.h">
      <Filter>Source Files\Time</Filter>
    </ClInclude>
    <ClInclude Include="Rendering\bs_Sprite.h">
      <Filter>Source Files\Rendering</Filter>
    </ClInclude>
    <ClInclude Include="Containers\bs_LinkedList.h">
      <Filter>Source Files\Containers</Filter>
    </ClInclude>
    <ClInclude Include="Rendering\bs_DebugRenderer.h">
      <Filter>Source Files\Rendering</Filter>
    </ClInclude>
    <ClInclude Include="Rendering\bs_SpriteManager.h">
      <Filter>Source Files\Rendering</Filter>
    </ClInclude>
    <ClInclude Include="Platform\Windows\bs_WindowsKeyboard.h">
      <Filter>Source Files\Platform\Windows</Filter>
    </ClInclude>
    <ClInclude Include="Platform\Windows\bs_WindowsInput.h">
      <Filter>Source Files\Platform\Windows</Filter>
    </ClInclude>
    <ClInclude Include="Input\bs_InputManager.h">
      <Filter>Source Files\Input</Filter>
    </ClInclude>
    <ClInclude Include="Input\bs_Keyboard.h">
      <Filter>Source Files\Input</Filter>
    </ClInclude>
    <ClInclude Include="Input\bs_Mouse.h">
      <Filter>Source Files\Input</Filter>
    </ClInclude>
    <ClInclude Include="Physics\2D\Collisions\bs_Shape2D.h">
      <Filter>Source Files\Physics\2D</Filter>
    </ClInclude>
    <ClInclude Include="Physics\2D\bs_Transform2D.h">
      <Filter>Source Files\Physics\2D</Filter>
    </ClInclude>
    <ClInclude Include="Physics\2D\bs_Physics2D.h">
      <Filter>Source Files\Physics\2D</Filter>
    </ClInclude>
  </ItemGroup>
</Project>